
Microsoft Visual Studio Solution File, Format Version 12.00
# Visual Studio 15
VisualStudioVersion = 15.0.28307.102
MinimumVisualStudioVersion = 10.0.40219.1
Project("{FAE04EC0-301F-11D3-BF4B-00C04F79EFBC}") = "ACS", "ACS\ACS.csproj", "{C3C04915-6A6A-4001-BFA7-6DCB079B539B}"
EndProject
Global
	GlobalSection(SolutionConfigurationPlatforms) = preSolution
		Debug|Any CPU = Debug|Any CPU
		Release|Any CPU = Release|Any CPU
	EndGlobalSection
	GlobalSection(ProjectConfigurationPlatforms) = postSolution
		{C3C04915-6A6A-4001-BFA7-6DCB079B539B}.Debug|Any CPU.ActiveCfg = Debug|Any CPU
		{C3C04915-6A6A-4001-BFA7-6DCB079B539B}.Debug|Any CPU.Build.0 = Debug|Any CPU
		{C3C04915-6A6A-4001-BFA7-6DCB079B539B}.Release|Any CPU.ActiveCfg = Release|Any CPU
		{C3C04915-6A6A-4001-BFA7-6DCB079B539B}.Release|Any CPU.Build.0 = Release|Any CPU
	EndGlobalSection
	GlobalSection(SolutionProperties) = preSolution
		HideSolutionNode = FALSE
	EndGlobalSection
	GlobalSection(ExtensibilityGlobals) = postSolution
		SolutionGuid = {C05405BC-F301-4695-84B5-64CB4476A731}
	EndGlobalSection
EndGlobal
